
Microsoft Visual Studio Solution File, Format Version 12.00
# Visual Studio Version 17
VisualStudioVersion = 17.5.33424.131
MinimumVisualStudioVersion = 10.0.40219.1
Project("{FAE04EC0-301F-11D3-BF4B-00C04F79EFBC}") = "Tamara Atanasova", "Tamara Atanasova 101616\Tamara Atanasova.csproj", "{C702A8A2-6772-4187-A162-2399D8AA7C1E}"
EndProject
Global
	GlobalSection(SolutionConfigurationPlatforms) = preSolution
		Debug|Any CPU = Debug|Any CPU
		Release|Any CPU = Release|Any CPU
	EndGlobalSection
	GlobalSection(ProjectConfigurationPlatforms) = postSolution
		{C702A8A2-6772-4187-A162-2399D8AA7C1E}.Debug|Any CPU.ActiveCfg = Debug|Any CPU
		{C702A8A2-6772-4187-A162-2399D8AA7C1E}.Debug|Any CPU.Build.0 = Debug|Any CPU
		{C702A8A2-6772-4187-A162-2399D8AA7C1E}.Release|Any CPU.ActiveCfg = Release|Any CPU
		{C702A8A2-6772-4187-A162-2399D8AA7C1E}.Release|Any CPU.Build.0 = Release|Any CPU
	EndGlobalSection
	GlobalSection(SolutionProperties) = preSolution
		HideSolutionNode = FALSE
	EndGlobalSection
	GlobalSection(ExtensibilityGlobals) = postSolution
		SolutionGuid = {1D7A6E6D-B0BA-49C6-822C-66B50A6B3B32}
	EndGlobalSection
EndGlobal
